
Microsoft Visual Studio Solution File, Format Version 12.00
# Visual Studio Version 17
VisualStudioVersion = 17.14.36518.9 d17.14
MinimumVisualStudioVersion = 10.0.40219.1
Project("{FAE04EC0-301F-11D3-BF4B-00C04F79EFBC}") = "ProductClientHub.API", "ProductClientHub.API\ProductClientHub.API.csproj", "{826C25E3-5722-495B-8868-16F1A88362EB}"
EndProject
Project("{FAE04EC0-301F-11D3-BF4B-00C04F79EFBC}") = "ProductClientHub.Comunication", "ProductClientHub.Comunication\ProductClientHub.Comunication.csproj", "{3E3ECAF2-DFE7-4D13-9949-C5015D24E540}"
EndProject
Project("{FAE04EC0-301F-11D3-BF4B-00C04F79EFBC}") = "ProductClientHub.Exceptions", "ProductClientHub.Exceptions\ProductClientHub.Exceptions.csproj", "{0C5A5199-96C4-4587-B478-EAD6BA5F5632}"
EndProject
Global
	GlobalSection(SolutionConfigurationPlatforms) = preSolution
		Debug|Any CPU = Debug|Any CPU
		Release|Any CPU = Release|Any CPU
	EndGlobalSection
	GlobalSection(ProjectConfigurationPlatforms) = postSolution
		{826C25E3-5722-495B-8868-16F1A88362EB}.Debug|Any CPU.ActiveCfg = Debug|Any CPU
		{826C25E3-5722-495B-8868-16F1A88362EB}.Debug|Any CPU.Build.0 = Debug|Any CPU
		{826C25E3-5722-495B-8868-16F1A88362EB}.Release|Any CPU.ActiveCfg = Release|Any CPU
		{826C25E3-5722-495B-8868-16F1A88362EB}.Release|Any CPU.Build.0 = Release|Any CPU
		{3E3ECAF2-DFE7-4D13-9949-C5015D24E540}.Debug|Any CPU.ActiveCfg = Debug|Any CPU
		{3E3ECAF2-DFE7-4D13-9949-C5015D24E540}.Debug|Any CPU.Build.0 = Debug|Any CPU
		{3E3ECAF2-DFE7-4D13-9949-C5015D24E540}.Release|Any CPU.ActiveCfg = Release|Any CPU
		{3E3ECAF2-DFE7-4D13-9949-C5015D24E540}.Release|Any CPU.Build.0 = Release|Any CPU
		{0C5A5199-96C4-4587-B478-EAD6BA5F5632}.Debug|Any CPU.ActiveCfg = Debug|Any CPU
		{0C5A5199-96C4-4587-B478-EAD6BA5F5632}.Debug|Any CPU.Build.0 = Debug|Any CPU
		{0C5A5199-96C4-4587-B478-EAD6BA5F5632}.Release|Any CPU.ActiveCfg = Release|Any CPU
		{0C5A5199-96C4-4587-B478-EAD6BA5F5632}.Release|Any CPU.Build.0 = Release|Any CPU
	EndGlobalSection
	GlobalSection(SolutionProperties) = preSolution
		HideSolutionNode = FALSE
	EndGlobalSection
	GlobalSection(ExtensibilityGlobals) = postSolution
		SolutionGuid = {24C81C92-4C8D-4732-93AA-339E0CF834C1}
	EndGlobalSection
EndGlobal
